
Microsoft Visual Studio Solution File, Format Version 12.00
# Visual Studio Version 16
VisualStudioVersion = 16.0.31515.178
MinimumVisualStudioVersion = 10.0.40219.1
Project("{FAE04EC0-301F-11D3-BF4B-00C04F79EFBC}") = "mobile-bill", "mobile-bill.csproj", "{3B6718B4-433A-464C-A1FA-C7FEC30FB179}"
EndProject
Global
	GlobalSection(SolutionConfigurationPlatforms) = preSolution
		Debug|Any CPU = Debug|Any CPU
		Release|Any CPU = Release|Any CPU
	EndGlobalSection
	GlobalSection(ProjectConfigurationPlatforms) = postSolution
		{3B6718B4-433A-464C-A1FA-C7FEC30FB179}.Debug|Any CPU.ActiveCfg = Debug|Any CPU
		{3B6718B4-433A-464C-A1FA-C7FEC30FB179}.Debug|Any CPU.Build.0 = Debug|Any CPU
		{3B6718B4-433A-464C-A1FA-C7FEC30FB179}.Release|Any CPU.ActiveCfg = Release|Any CPU
		{3B6718B4-433A-464C-A1FA-C7FEC30FB179}.Release|Any CPU.Build.0 = Release|Any CPU
	EndGlobalSection
	GlobalSection(SolutionProperties) = preSolution
		HideSolutionNode = FALSE
	EndGlobalSection
	GlobalSection(ExtensibilityGlobals) = postSolution
		SolutionGuid = {49A99456-7C94-427D-BA61-1B5CA2D2DD88}
	EndGlobalSection
EndGlobal
